
Microsoft Visual Studio Solution File, Format Version 12.00
# Visual Studio Version 16
VisualStudioVersion = 16.0.30114.105
MinimumVisualStudioVersion = 10.0.40219.1
Project("{2150E333-8FDC-42A3-9474-1A3956D46DE8}") = "src", "src", "{E2A92FAE-AE2B-47C8-8925-5B90E2E44129}"
EndProject
Project("{F2A71F9B-5D33-465A-A702-920D77279786}") = "Core", "src\Core\Core.fsproj", "{EBDF5777-B33D-4826-9441-095C668456CB}"
EndProject
Project("{F2A71F9B-5D33-465A-A702-920D77279786}") = "DBManager", "src\DBManager\DBManager.fsproj", "{E82CC08B-2270-433D-95BE-AD9F62B03B78}"
EndProject
Project("{F2A71F9B-5D33-465A-A702-920D77279786}") = "KOFIC", "src\KOFIC\KOFIC.fsproj", "{28807413-6123-466C-9F65-73C7D4479CC4}"
EndProject
Project("{F2A71F9B-5D33-465A-A702-920D77279786}") = "Types", "src\Types\Types.fsproj", "{5E1E6D90-7645-4C31-96C2-9B312CB940C7}"
EndProject
Project("{F2A71F9B-5D33-465A-A702-920D77279786}") = "Utils", "src\Utils\Utils.fsproj", "{82AF57FF-F031-4998-AB9D-7E8BADD5F46E}"
EndProject
Project("{F2A71F9B-5D33-465A-A702-920D77279786}") = "App", "src\App\App.fsproj", "{DE67D398-07A1-4080-901C-A90CCF392A43}"
EndProject
Project("{F2A71F9B-5D33-465A-A702-920D77279786}") = "App.Test", "src\App.Test\App.Test.fsproj", "{08D4D1A5-2AC1-4E6B-AD9E-796EF0000A78}"
EndProject
Project("{F2A71F9B-5D33-465A-A702-920D77279786}") = "Core.Test", "src\Core.Test\Core.Test.fsproj", "{7046A7C1-12FC-4651-936E-B8F646A536F7}"
EndProject
Project("{F2A71F9B-5D33-465A-A702-920D77279786}") = "DBManager.Test", "src\DBManager.Test\DBManager.Test.fsproj", "{184C1B58-42F9-495B-AFC4-6574CEBD4380}"
EndProject
Project("{F2A71F9B-5D33-465A-A702-920D77279786}") = "KOFIC.Test", "src\KOFIC.Test\KOFIC.Test.fsproj", "{6D15F554-C515-44FD-9682-6BA33534FA7A}"
EndProject
Project("{F2A71F9B-5D33-465A-A702-920D77279786}") = "Types.Test", "src\Types.Test\Types.Test.fsproj", "{AE0B1B96-CEE1-4B4C-9C7E-6BC05C85B2FB}"
EndProject
Project("{F2A71F9B-5D33-465A-A702-920D77279786}") = "Utils.Test", "src\Utils.Test\Utils.Test.fsproj", "{4EF4B6C8-7511-4685-AFD8-96144F5A383B}"
EndProject
Global
	GlobalSection(SolutionConfigurationPlatforms) = preSolution
		Debug|Any CPU = Debug|Any CPU
		Release|Any CPU = Release|Any CPU
	EndGlobalSection
	GlobalSection(SolutionProperties) = preSolution
		HideSolutionNode = FALSE
	EndGlobalSection
	GlobalSection(ProjectConfigurationPlatforms) = postSolution
		{EBDF5777-B33D-4826-9441-095C668456CB}.Debug|Any CPU.ActiveCfg = Debug|Any CPU
		{EBDF5777-B33D-4826-9441-095C668456CB}.Debug|Any CPU.Build.0 = Debug|Any CPU
		{EBDF5777-B33D-4826-9441-095C668456CB}.Release|Any CPU.ActiveCfg = Release|Any CPU
		{EBDF5777-B33D-4826-9441-095C668456CB}.Release|Any CPU.Build.0 = Release|Any CPU
		{E82CC08B-2270-433D-95BE-AD9F62B03B78}.Debug|Any CPU.ActiveCfg = Debug|Any CPU
		{E82CC08B-2270-433D-95BE-AD9F62B03B78}.Debug|Any CPU.Build.0 = Debug|Any CPU
		{E82CC08B-2270-433D-95BE-AD9F62B03B78}.Release|Any CPU.ActiveCfg = Release|Any CPU
		{E82CC08B-2270-433D-95BE-AD9F62B03B78}.Release|Any CPU.Build.0 = Release|Any CPU
		{28807413-6123-466C-9F65-73C7D4479CC4}.Debug|Any CPU.ActiveCfg = Debug|Any CPU
		{28807413-6123-466C-9F65-73C7D4479CC4}.Debug|Any CPU.Build.0 = Debug|Any CPU
		{28807413-6123-466C-9F65-73C7D4479CC4}.Release|Any CPU.ActiveCfg = Release|Any CPU
		{28807413-6123-466C-9F65-73C7D4479CC4}.Release|Any CPU.Build.0 = Release|Any CPU
		{5E1E6D90-7645-4C31-96C2-9B312CB940C7}.Debug|Any CPU.ActiveCfg = Debug|Any CPU
		{5E1E6D90-7645-4C31-96C2-9B312CB940C7}.Debug|Any CPU.Build.0 = Debug|Any CPU
		{5E1E6D90-7645-4C31-96C2-9B312CB940C7}.Release|Any CPU.ActiveCfg = Release|Any CPU
		{5E1E6D90-7645-4C31-96C2-9B312CB940C7}.Release|Any CPU.Build.0 = Release|Any CPU
		{82AF57FF-F031-4998-AB9D-7E8BADD5F46E}.Debug|Any CPU.ActiveCfg = Debug|Any CPU
		{82AF57FF-F031-4998-AB9D-7E8BADD5F46E}.Debug|Any CPU.Build.0 = Debug|Any CPU
		{82AF57FF-F031-4998-AB9D-7E8BADD5F46E}.Release|Any CPU.ActiveCfg = Release|Any CPU
		{82AF57FF-F031-4998-AB9D-7E8BADD5F46E}.Release|Any CPU.Build.0 = Release|Any CPU
		{DE67D398-07A1-4080-901C-A90CCF392A43}.Debug|Any CPU.ActiveCfg = Debug|Any CPU
		{DE67D398-07A1-4080-901C-A90CCF392A43}.Debug|Any CPU.Build.0 = Debug|Any CPU
		{DE67D398-07A1-4080-901C-A90CCF392A43}.Release|Any CPU.ActiveCfg = Release|Any CPU
		{DE67D398-07A1-4080-901C-A90CCF392A43}.Release|Any CPU.Build.0 = Release|Any CPU
		{08D4D1A5-2AC1-4E6B-AD9E-796EF0000A78}.Debug|Any CPU.ActiveCfg = Debug|Any CPU
		{08D4D1A5-2AC1-4E6B-AD9E-796EF0000A78}.Debug|Any CPU.Build.0 = Debug|Any CPU
		{08D4D1A5-2AC1-4E6B-AD9E-796EF0000A78}.Release|Any CPU.ActiveCfg = Release|Any CPU
		{08D4D1A5-2AC1-4E6B-AD9E-796EF0000A78}.Release|Any CPU.Build.0 = Release|Any CPU
		{7046A7C1-12FC-4651-936E-B8F646A536F7}.Debug|Any CPU.ActiveCfg = Debug|Any CPU
		{7046A7C1-12FC-4651-936E-B8F646A536F7}.Debug|Any CPU.Build.0 = Debug|Any CPU
		{7046A7C1-12FC-4651-936E-B8F646A536F7}.Release|Any CPU.ActiveCfg = Release|Any CPU
		{7046A7C1-12FC-4651-936E-B8F646A536F7}.Release|Any CPU.Build.0 = Release|Any CPU
		{184C1B58-42F9-495B-AFC4-6574CEBD4380}.Debug|Any CPU.ActiveCfg = Debug|Any CPU
		{184C1B58-42F9-495B-AFC4-6574CEBD4380}.Debug|Any CPU.Build.0 = Debug|Any CPU
		{184C1B58-42F9-495B-AFC4-6574CEBD4380}.Release|Any CPU.ActiveCfg = Release|Any CPU
		{184C1B58-42F9-495B-AFC4-6574CEBD4380}.Release|Any CPU.Build.0 = Release|Any CPU
		{6D15F554-C515-44FD-9682-6BA33534FA7A}.Debug|Any CPU.ActiveCfg = Debug|Any CPU
		{6D15F554-C515-44FD-9682-6BA33534FA7A}.Debug|Any CPU.Build.0 = Debug|Any CPU
		{6D15F554-C515-44FD-9682-6BA33534FA7A}.Release|Any CPU.ActiveCfg = Release|Any CPU
		{6D15F554-C515-44FD-9682-6BA33534FA7A}.Release|Any CPU.Build.0 = Release|Any CPU
		{AE0B1B96-CEE1-4B4C-9C7E-6BC05C85B2FB}.Debug|Any CPU.ActiveCfg = Debug|Any CPU
		{AE0B1B96-CEE1-4B4C-9C7E-6BC05C85B2FB}.Debug|Any CPU.Build.0 = Debug|Any CPU
		{AE0B1B96-CEE1-4B4C-9C7E-6BC05C85B2FB}.Release|Any CPU.ActiveCfg = Release|Any CPU
		{AE0B1B96-CEE1-4B4C-9C7E-6BC05C85B2FB}.Release|Any CPU.Build.0 = Release|Any CPU
		{4EF4B6C8-7511-4685-AFD8-96144F5A383B}.Debug|Any CPU.ActiveCfg = Debug|Any CPU
		{4EF4B6C8-7511-4685-AFD8-96144F5A383B}.Debug|Any CPU.Build.0 = Debug|Any CPU
		{4EF4B6C8-7511-4685-AFD8-96144F5A383B}.Release|Any CPU.ActiveCfg = Release|Any CPU
		{4EF4B6C8-7511-4685-AFD8-96144F5A383B}.Release|Any CPU.Build.0 = Release|Any CPU
	EndGlobalSection
	GlobalSection(NestedProjects) = preSolution
		{EBDF5777-B33D-4826-9441-095C668456CB} = {E2A92FAE-AE2B-47C8-8925-5B90E2E44129}
		{E82CC08B-2270-433D-95BE-AD9F62B03B78} = {E2A92FAE-AE2B-47C8-8925-5B90E2E44129}
		{28807413-6123-466C-9F65-73C7D4479CC4} = {E2A92FAE-AE2B-47C8-8925-5B90E2E44129}
		{5E1E6D90-7645-4C31-96C2-9B312CB940C7} = {E2A92FAE-AE2B-47C8-8925-5B90E2E44129}
		{82AF57FF-F031-4998-AB9D-7E8BADD5F46E} = {E2A92FAE-AE2B-47C8-8925-5B90E2E44129}
		{DE67D398-07A1-4080-901C-A90CCF392A43} = {E2A92FAE-AE2B-47C8-8925-5B90E2E44129}
		{08D4D1A5-2AC1-4E6B-AD9E-796EF0000A78} = {E2A92FAE-AE2B-47C8-8925-5B90E2E44129}
		{7046A7C1-12FC-4651-936E-B8F646A536F7} = {E2A92FAE-AE2B-47C8-8925-5B90E2E44129}
		{184C1B58-42F9-495B-AFC4-6574CEBD4380} = {E2A92FAE-AE2B-47C8-8925-5B90E2E44129}
		{6D15F554-C515-44FD-9682-6BA33534FA7A} = {E2A92FAE-AE2B-47C8-8925-5B90E2E44129}
		{AE0B1B96-CEE1-4B4C-9C7E-6BC05C85B2FB} = {E2A92FAE-AE2B-47C8-8925-5B90E2E44129}
		{4EF4B6C8-7511-4685-AFD8-96144F5A383B} = {E2A92FAE-AE2B-47C8-8925-5B90E2E44129}
	EndGlobalSection
EndGlobal
